{
  "requires": true,
  "lockfileVersion": 1,
  "dependencies": {
    "@fortawesome/fontawesome-common-types": {
      "version": "0.2.35",
      "resolved": "https://registry.npm.taobao.org/@fortawesome/fontawesome-common-types/download/@fortawesome/fontawesome-common-types-0.2.35.tgz",
      "integrity": "sha1-Ad09BU2gegC3ZNeHSN8g2vKzF+k="
    },
    "@fortawesome/free-solid-svg-icons": {
      "version": "5.15.3",
      "resolved": "https://registry.npm.taobao.org/@fortawesome/free-solid-svg-icons/download/@fortawesome/free-solid-svg-icons-5.15.3.tgz",
      "integrity": "sha1-Uu6+NU9g3Hfgvek0/8XHX/0E+dg=",
      "requires": {
        "@fortawesome/fontawesome-common-types": "^0.2.35"
      }
    },
    "cookie-storage": {
      "version": "6.1.0",
      "resolved": "https://registry.nlark.com/cookie-storage/download/cookie-storage-6.1.0.tgz",
      "integrity": "sha1-KRsvZi2WG+RPmZYmWTQhy/zyN5A="
    },
    "copy-text-to-clipboard": {
      "version": "3.0.1",
      "resolved": "https://registry.nlark.com/copy-text-to-clipboard/download/copy-text-to-clipboard-3.0.1.tgz",
      "integrity": "sha1-jL+PkOCkfxLkokdDc2Jl0Ve85pw="
    },
    "core-js": {
      "version": "3.15.2",
      "resolved": "https://registry.nlark.com/core-js/download/core-js-3.15.2.tgz?cache=0&sync_timestamp=1624966056491&other_urls=https%3A%2F%2Fregistry.nlark.com%2Fcore-js%2Fdownload%2Fcore-js-3.15.2.tgz",
      "integrity": "sha1-dAZg0v9V7zTOZk1+JFURnFvdPWE="
    },
    "klona": {
      "version": "2.0.4",
      "resolved": "https://registry.nlark.com/klona/download/klona-2.0.4.tgz",
      "integrity": "sha1-e7Hjr/sMuGJFR+9+j2cI6i4538A="
    },
    "mutation-observer": {
      "version": "1.0.3",
      "resolved": "https://registry.npm.taobao.org/mutation-observer/download/mutation-observer-1.0.3.tgz",
      "integrity": "sha1-QukiKxAbyoLlup1aes9KFMDyY9A="
    },
    "neo-async": {
      "version": "2.6.2",
      "resolved": "https://registry.npm.taobao.org/neo-async/download/neo-async-2.6.2.tgz",
      "integrity": "sha1-tKr7k+OustgXTKU88WOrfXMIMF8="
    },
    "sass-loader": {
      "version": "12.1.0",
      "resolved": "https://registry.nlark.com/sass-loader/download/sass-loader-12.1.0.tgz?cache=0&sync_timestamp=1623350873447&other_urls=https%3A%2F%2Fregistry.nlark.com%2Fsass-loader%2Fdownload%2Fsass-loader-12.1.0.tgz",
      "integrity": "sha1-tzMkYiIxAJ2m+6Yat2ATJWOA0gE=",
      "requires": {
        "klona": "^2.0.4",
        "neo-async": "^2.6.2"
      }
    },
    "svelte-fa": {
      "version": "2.2.1",
      "resolved": "https://registry.nlark.com/svelte-fa/download/svelte-fa-2.2.1.tgz?cache=0&sync_timestamp=1626420192083&other_urls=https%3A%2F%2Fregistry.nlark.com%2Fsvelte-fa%2Fdownload%2Fsvelte-fa-2.2.1.tgz",
      "integrity": "sha1-dDtWYs5ZRwW8jxbZnYTr+iPzJt0="
    },
    "uview-ui": {
      "version": "1.8.4",
      "resolved": "https://registry.npm.taobao.org/uview-ui/download/uview-ui-1.8.4.tgz",
      "integrity": "sha1-4yu/I3lCHTGQIuMk4ct7U4fTvUQ="
    },
    "vconsole": {
      "version": "3.9.0",
      "resolved": "https://registry.nlark.com/vconsole/download/vconsole-3.9.0.tgz",
      "integrity": "sha1-NCkzglyqSEiQY1rqz+cv/Cxy9g4=",
      "requires": {
        "@fortawesome/free-solid-svg-icons": "^5.15.3",
        "cookie-storage": "^6.1.0",
        "copy-text-to-clipboard": "^3.0.1",
        "core-js": "^3.11.0",
        "mutation-observer": "^1.0.3",
        "svelte-fa": "^2.2.1"
      }
    }
  }
}
